
Microsoft Visual Studio Solution File, Format Version 12.00
# Visual Studio Version 17
VisualStudioVersion = 17.4.33213.308
MinimumVisualStudioVersion = 10.0.40219.1
Project("{FAE04EC0-301F-11D3-BF4B-00C04F79EFBC}") = "Api300", "Api300\Api300.csproj", "{4E8E0DA5-7A99-4E4C-95BD-22FAD2AF0F15}"
EndProject
Global
	GlobalSection(SolutionConfigurationPlatforms) = preSolution
		Debug|Any CPU = Debug|Any CPU
		Release|Any CPU = Release|Any CPU
	EndGlobalSection
	GlobalSection(ProjectConfigurationPlatforms) = postSolution
		{4E8E0DA5-7A99-4E4C-95BD-22FAD2AF0F15}.Debug|Any CPU.ActiveCfg = Debug|Any CPU
		{4E8E0DA5-7A99-4E4C-95BD-22FAD2AF0F15}.Debug|Any CPU.Build.0 = Debug|Any CPU
		{4E8E0DA5-7A99-4E4C-95BD-22FAD2AF0F15}.Release|Any CPU.ActiveCfg = Release|Any CPU
		{4E8E0DA5-7A99-4E4C-95BD-22FAD2AF0F15}.Release|Any CPU.Build.0 = Release|Any CPU
	EndGlobalSection
	GlobalSection(SolutionProperties) = preSolution
		HideSolutionNode = FALSE
	EndGlobalSection
	GlobalSection(ExtensibilityGlobals) = postSolution
		SolutionGuid = {6FEAF76D-C5E5-4F5B-8DB0-C991D24EC4BF}
	EndGlobalSection
EndGlobal
