
Microsoft Visual Studio Solution File, Format Version 12.00
# Visual Studio Version 17
VisualStudioVersion = 17.4.33213.308
MinimumVisualStudioVersion = 10.0.40219.1
Project("{FAE04EC0-301F-11D3-BF4B-00C04F79EFBC}") = "whilenotas", "whilenotas\whilenotas.csproj", "{4FA2CC97-4A41-4DE4-B2FF-3E0A6CBB9A2B}"
EndProject
Global
	GlobalSection(SolutionConfigurationPlatforms) = preSolution
		Debug|Any CPU = Debug|Any CPU
		Release|Any CPU = Release|Any CPU
	EndGlobalSection
	GlobalSection(ProjectConfigurationPlatforms) = postSolution
		{4FA2CC97-4A41-4DE4-B2FF-3E0A6CBB9A2B}.Debug|Any CPU.ActiveCfg = Debug|Any CPU
		{4FA2CC97-4A41-4DE4-B2FF-3E0A6CBB9A2B}.Debug|Any CPU.Build.0 = Debug|Any CPU
		{4FA2CC97-4A41-4DE4-B2FF-3E0A6CBB9A2B}.Release|Any CPU.ActiveCfg = Release|Any CPU
		{4FA2CC97-4A41-4DE4-B2FF-3E0A6CBB9A2B}.Release|Any CPU.Build.0 = Release|Any CPU
	EndGlobalSection
	GlobalSection(SolutionProperties) = preSolution
		HideSolutionNode = FALSE
	EndGlobalSection
	GlobalSection(ExtensibilityGlobals) = postSolution
		SolutionGuid = {137569C0-53E4-4B04-85E1-B004C11A55B8}
	EndGlobalSection
EndGlobal
