
Microsoft Visual Studio Solution File, Format Version 12.00
# Visual Studio Version 17
VisualStudioVersion = 17.4.33213.308
MinimumVisualStudioVersion = 10.0.40219.1
Project("{FAE04EC0-301F-11D3-BF4B-00C04F79EFBC}") = "autodidacta2sumalengh", "autodidacta2sumalengh\autodidacta2sumalengh.csproj", "{B9A812D2-3022-453A-8F62-8928DC0949AD}"
EndProject
Global
	GlobalSection(SolutionConfigurationPlatforms) = preSolution
		Debug|Any CPU = Debug|Any CPU
		Release|Any CPU = Release|Any CPU
	EndGlobalSection
	GlobalSection(ProjectConfigurationPlatforms) = postSolution
		{B9A812D2-3022-453A-8F62-8928DC0949AD}.Debug|Any CPU.ActiveCfg = Debug|Any CPU
		{B9A812D2-3022-453A-8F62-8928DC0949AD}.Debug|Any CPU.Build.0 = Debug|Any CPU
		{B9A812D2-3022-453A-8F62-8928DC0949AD}.Release|Any CPU.ActiveCfg = Release|Any CPU
		{B9A812D2-3022-453A-8F62-8928DC0949AD}.Release|Any CPU.Build.0 = Release|Any CPU
	EndGlobalSection
	GlobalSection(SolutionProperties) = preSolution
		HideSolutionNode = FALSE
	EndGlobalSection
	GlobalSection(ExtensibilityGlobals) = postSolution
		SolutionGuid = {311A70BB-625C-48F8-9273-1B3F24AB4888}
	EndGlobalSection
EndGlobal
