
Microsoft Visual Studio Solution File, Format Version 12.00
# Visual Studio Version 17
VisualStudioVersion = 17.4.33213.308
MinimumVisualStudioVersion = 10.0.40219.1
Project("{FAE04EC0-301F-11D3-BF4B-00C04F79EFBC}") = "trimestres", "trimestres\trimestres.csproj", "{FC696A63-6635-4105-98E8-1E96454CE62F}"
EndProject
Global
	GlobalSection(SolutionConfigurationPlatforms) = preSolution
		Debug|Any CPU = Debug|Any CPU
		Release|Any CPU = Release|Any CPU
	EndGlobalSection
	GlobalSection(ProjectConfigurationPlatforms) = postSolution
		{FC696A63-6635-4105-98E8-1E96454CE62F}.Debug|Any CPU.ActiveCfg = Debug|Any CPU
		{FC696A63-6635-4105-98E8-1E96454CE62F}.Debug|Any CPU.Build.0 = Debug|Any CPU
		{FC696A63-6635-4105-98E8-1E96454CE62F}.Release|Any CPU.ActiveCfg = Release|Any CPU
		{FC696A63-6635-4105-98E8-1E96454CE62F}.Release|Any CPU.Build.0 = Release|Any CPU
	EndGlobalSection
	GlobalSection(SolutionProperties) = preSolution
		HideSolutionNode = FALSE
	EndGlobalSection
	GlobalSection(ExtensibilityGlobals) = postSolution
		SolutionGuid = {CE3820F0-AB48-47A6-87B3-0FB93E57975C}
	EndGlobalSection
EndGlobal
