
Microsoft Visual Studio Solution File, Format Version 12.00
# Visual Studio Version 17
VisualStudioVersion = 17.4.33213.308
MinimumVisualStudioVersion = 10.0.40219.1
Project("{FAE04EC0-301F-11D3-BF4B-00C04F79EFBC}") = "menoresadiez", "menoresadiez\menoresadiez.csproj", "{D73EDFEE-2364-4192-B77F-79DF6D936C90}"
EndProject
Global
	GlobalSection(SolutionConfigurationPlatforms) = preSolution
		Debug|Any CPU = Debug|Any CPU
		Release|Any CPU = Release|Any CPU
	EndGlobalSection
	GlobalSection(ProjectConfigurationPlatforms) = postSolution
		{D73EDFEE-2364-4192-B77F-79DF6D936C90}.Debug|Any CPU.ActiveCfg = Debug|Any CPU
		{D73EDFEE-2364-4192-B77F-79DF6D936C90}.Debug|Any CPU.Build.0 = Debug|Any CPU
		{D73EDFEE-2364-4192-B77F-79DF6D936C90}.Release|Any CPU.ActiveCfg = Release|Any CPU
		{D73EDFEE-2364-4192-B77F-79DF6D936C90}.Release|Any CPU.Build.0 = Release|Any CPU
	EndGlobalSection
	GlobalSection(SolutionProperties) = preSolution
		HideSolutionNode = FALSE
	EndGlobalSection
	GlobalSection(ExtensibilityGlobals) = postSolution
		SolutionGuid = {030710B3-D079-41F5-9531-DCA4EB7DEEA5}
	EndGlobalSection
EndGlobal
