
Microsoft Visual Studio Solution File, Format Version 12.00
# Visual Studio Version 17
VisualStudioVersion = 17.4.33213.308
MinimumVisualStudioVersion = 10.0.40219.1
Project("{FAE04EC0-301F-11D3-BF4B-00C04F79EFBC}") = "WpfApp1", "WpfApp1.csproj", "{A63B2093-0FD9-4F4A-AF2C-15770600265E}"
EndProject
Global
	GlobalSection(SolutionConfigurationPlatforms) = preSolution
		Debug|Any CPU = Debug|Any CPU
		Release|Any CPU = Release|Any CPU
	EndGlobalSection
	GlobalSection(ProjectConfigurationPlatforms) = postSolution
		{A63B2093-0FD9-4F4A-AF2C-15770600265E}.Debug|Any CPU.ActiveCfg = Debug|Any CPU
		{A63B2093-0FD9-4F4A-AF2C-15770600265E}.Debug|Any CPU.Build.0 = Debug|Any CPU
		{A63B2093-0FD9-4F4A-AF2C-15770600265E}.Release|Any CPU.ActiveCfg = Release|Any CPU
		{A63B2093-0FD9-4F4A-AF2C-15770600265E}.Release|Any CPU.Build.0 = Release|Any CPU
	EndGlobalSection
	GlobalSection(SolutionProperties) = preSolution
		HideSolutionNode = FALSE
	EndGlobalSection
	GlobalSection(ExtensibilityGlobals) = postSolution
		SolutionGuid = {63913AD4-66B0-4D9E-AA52-FCC351FBC13B}
	EndGlobalSection
EndGlobal
