
Microsoft Visual Studio Solution File, Format Version 12.00
# Visual Studio Version 17
VisualStudioVersion = 17.4.33213.308
MinimumVisualStudioVersion = 10.0.40219.1
Project("{FAE04EC0-301F-11D3-BF4B-00C04F79EFBC}") = "ZoologicoExamen", "ZoologicoExamen\ZoologicoExamen.csproj", "{127B521E-41A2-407F-ABE1-2191C4FA46FE}"
EndProject
Global
	GlobalSection(SolutionConfigurationPlatforms) = preSolution
		Debug|Any CPU = Debug|Any CPU
		Release|Any CPU = Release|Any CPU
	EndGlobalSection
	GlobalSection(ProjectConfigurationPlatforms) = postSolution
		{127B521E-41A2-407F-ABE1-2191C4FA46FE}.Debug|Any CPU.ActiveCfg = Debug|Any CPU
		{127B521E-41A2-407F-ABE1-2191C4FA46FE}.Debug|Any CPU.Build.0 = Debug|Any CPU
		{127B521E-41A2-407F-ABE1-2191C4FA46FE}.Release|Any CPU.ActiveCfg = Release|Any CPU
		{127B521E-41A2-407F-ABE1-2191C4FA46FE}.Release|Any CPU.Build.0 = Release|Any CPU
	EndGlobalSection
	GlobalSection(SolutionProperties) = preSolution
		HideSolutionNode = FALSE
	EndGlobalSection
	GlobalSection(ExtensibilityGlobals) = postSolution
		SolutionGuid = {73C4849D-BBDF-4764-984C-AD312AF9D543}
	EndGlobalSection
EndGlobal
